
Microsoft Visual Studio Solution File, Format Version 12.00
# Visual Studio Version 16
VisualStudioVersion = 16.0.29215.179
MinimumVisualStudioVersion = 10.0.40219.1
Project("{9A19103F-16F7-4668-BE54-9A1E7A4F7556}") = "Algenic", "Algenic\Algenic.csproj", "{819F1FF2-B84A-4CAA-B75F-BEC47D5C81E0}"
EndProject
Project("{FAE04EC0-301F-11D3-BF4B-00C04F79EFBC}") = "Algenic.UnitTests", "Algenic.UnitTests\Algenic.UnitTests.csproj", "{479001C4-4514-49E5-8B87-8A42C33FB196}"
EndProject
Global
	GlobalSection(SolutionConfigurationPlatforms) = preSolution
		Debug|Any CPU = Debug|Any CPU
		Release|Any CPU = Release|Any CPU
	EndGlobalSection
	GlobalSection(ProjectConfigurationPlatforms) = postSolution
		{819F1FF2-B84A-4CAA-B75F-BEC47D5C81E0}.Debug|Any CPU.ActiveCfg = Debug|Any CPU
		{819F1FF2-B84A-4CAA-B75F-BEC47D5C81E0}.Debug|Any CPU.Build.0 = Debug|Any CPU
		{819F1FF2-B84A-4CAA-B75F-BEC47D5C81E0}.Release|Any CPU.ActiveCfg = Release|Any CPU
		{819F1FF2-B84A-4CAA-B75F-BEC47D5C81E0}.Release|Any CPU.Build.0 = Release|Any CPU
		{479001C4-4514-49E5-8B87-8A42C33FB196}.Debug|Any CPU.ActiveCfg = Debug|Any CPU
		{479001C4-4514-49E5-8B87-8A42C33FB196}.Debug|Any CPU.Build.0 = Debug|Any CPU
		{479001C4-4514-49E5-8B87-8A42C33FB196}.Release|Any CPU.ActiveCfg = Release|Any CPU
		{479001C4-4514-49E5-8B87-8A42C33FB196}.Release|Any CPU.Build.0 = Release|Any CPU
	EndGlobalSection
	GlobalSection(SolutionProperties) = preSolution
		HideSolutionNode = FALSE
	EndGlobalSection
	GlobalSection(ExtensibilityGlobals) = postSolution
		SolutionGuid = {58D89AB9-D79F-4DF7-B14F-DC353C0DC6F4}
	EndGlobalSection
EndGlobal
